// !$*UTF8*$!
{
	archiveVersion = 1;
	classes = {
	};
	objectVersion = 50;
	objects = {

/* Begin PBXBuildFile section */
		04762DAC225087F1009DB6EB /* AppDelegate.m in Sources */ = {isa = PBXBuildFile; fileRef = 04762DAB225087F1009DB6EB /* AppDelegate.m */; };
		04762DB4225087F2009DB6EB /* Assets.xcassets in Resources */ = {isa = PBXBuildFile; fileRef = 04762DB3225087F2009DB6EB /* Assets.xcassets */; };
		04762DB7225087F2009DB6EB /* LaunchScreen.storyboard in Resources */ = {isa = PBXBuildFile; fileRef = 04762DB5225087F2009DB6EB /* LaunchScreen.storyboard */; };
		04762DBA225087F2009DB6EB /* main.m in Sources */ = {isa = PBXBuildFile; fileRef = 04762DB9225087F2009DB6EB /* main.m */; };
		04762DDD225088C9009DB6EB /* NSLayoutConstraint+MASDebugAdditions.m in Sources */ = {isa = PBXBuildFile; fileRef = 04762DC4225088C9009DB6EB /* NSLayoutConstraint+MASDebugAdditions.m */; };
		04762DDE225088C9009DB6EB /* ViewController+MASAdditions.m in Sources */ = {isa = PBXBuildFile; fileRef = 04762DCD225088C9009DB6EB /* ViewController+MASAdditions.m */; };
		04762DDF225088C9009DB6EB /* MASCompositeConstraint.m in Sources */ = {isa = PBXBuildFile; fileRef = 04762DD1225088C9009DB6EB /* MASCompositeConstraint.m */; };
		04762DE0225088C9009DB6EB /* MASConstraintMaker.m in Sources */ = {isa = PBXBuildFile; fileRef = 04762DD2225088C9009DB6EB /* MASConstraintMaker.m */; };
		04762DE1225088C9009DB6EB /* MASLayoutConstraint.m in Sources */ = {isa = PBXBuildFile; fileRef = 04762DD3225088C9009DB6EB /* MASLayoutConstraint.m */; };
		04762DE2225088C9009DB6EB /* NSArray+MASAdditions.m in Sources */ = {isa = PBXBuildFile; fileRef = 04762DD4225088C9009DB6EB /* NSArray+MASAdditions.m */; };
		04762DE3225088C9009DB6EB /* View+MASAdditions.m in Sources */ = {isa = PBXBuildFile; fileRef = 04762DD5225088C9009DB6EB /* View+MASAdditions.m */; };
		04762DE4225088C9009DB6EB /* MASConstraint.m in Sources */ = {isa = PBXBuildFile; fileRef = 04762DD8225088C9009DB6EB /* MASConstraint.m */; };
		04762DE5225088C9009DB6EB /* MASViewConstraint.m in Sources */ = {isa = PBXBuildFile; fileRef = 04762DDA225088C9009DB6EB /* MASViewConstraint.m */; };
		04762DE6225088C9009DB6EB /* MASViewAttribute.m in Sources */ = {isa = PBXBuildFile; fileRef = 04762DDB225088C9009DB6EB /* MASViewAttribute.m */; };
		04762DED22509413009DB6EB /* RootViewController.m in Sources */ = {isa = PBXBuildFile; fileRef = 04762DEB22509413009DB6EB /* RootViewController.m */; };
		04762DEE22509413009DB6EB /* RootViewController.xib in Resources */ = {isa = PBXBuildFile; fileRef = 04762DEC22509413009DB6EB /* RootViewController.xib */; };
/* End PBXBuildFile section */

/* Begin PBXFileReference section */
		04762DA7225087F1009DB6EB /* RelationCaculate.app */ = {isa = PBXFileReference; explicitFileType = wrapper.application; includeInIndex = 0; path = RelationCaculate.app; sourceTree = BUILT_PRODUCTS_DIR; };
		04762DAA225087F1009DB6EB /* AppDelegate.h */ = {isa = PBXFileReference; lastKnownFileType = sourcecode.c.h; path = AppDelegate.h; sourceTree = "<group>"; };
		04762DAB225087F1009DB6EB /* AppDelegate.m */ = {isa = PBXFileReference; lastKnownFileType = sourcecode.c.objc; path = AppDelegate.m; sourceTree = "<group>"; };
		04762DB3225087F2009DB6EB /* Assets.xcassets */ = {isa = PBXFileReference; lastKnownFileType = folder.assetcatalog; path = Assets.xcassets; sourceTree = "<group>"; };
		04762DB6225087F2009DB6EB /* Base */ = {isa = PBXFileReference; lastKnownFileType = file.storyboard; name = Base; path = Base.lproj/LaunchScreen.storyboard; sourceTree = "<group>"; };
		04762DB8225087F2009DB6EB /* Info.plist */ = {isa = PBXFileReference; lastKnownFileType = text.plist.xml; path = Info.plist; sourceTree = "<group>"; };
		04762DB9225087F2009DB6EB /* main.m */ = {isa = PBXFileReference; lastKnownFileType = sourcecode.c.objc; path = main.m; sourceTree = "<group>"; };
		04762DC3225088C9009DB6EB /* MASCompositeConstraint.h */ = {isa = PBXFileReference; fileEncoding = 4; lastKnownFileType = sourcecode.c.h; path = MASCompositeConstraint.h; sourceTree = "<group>"; };
		04762DC4225088C9009DB6EB /* NSLayoutConstraint+MASDebugAdditions.m */ = {isa = PBXFileReference; fileEncoding = 4; lastKnownFileType = sourcecode.c.objc; path = "NSLayoutConstraint+MASDebugAdditions.m"; sourceTree = "<group>"; };
		04762DC5225088C9009DB6EB /* MASConstraint+Private.h */ = {isa = PBXFileReference; fileEncoding = 4; lastKnownFileType = sourcecode.c.h; path = "MASConstraint+Private.h"; sourceTree = "<group>"; };
		04762DC6225088C9009DB6EB /* MASLayoutConstraint.h */ = {isa = PBXFileReference; fileEncoding = 4; lastKnownFileType = sourcecode.c.h; path = MASLayoutConstraint.h; sourceTree = "<group>"; };
		04762DC7225088C9009DB6EB /* NSArray+MASShorthandAdditions.h */ = {isa = PBXFileReference; fileEncoding = 4; lastKnownFileType = sourcecode.c.h; path = "NSArray+MASShorthandAdditions.h"; sourceTree = "<group>"; };
		04762DC8225088C9009DB6EB /* MASConstraintMaker.h */ = {isa = PBXFileReference; fileEncoding = 4; lastKnownFileType = sourcecode.c.h; path = MASConstraintMaker.h; sourceTree = "<group>"; };
		04762DC9225088C9009DB6EB /* View+MASAdditions.h */ = {isa = PBXFileReference; fileEncoding = 4; lastKnownFileType = sourcecode.c.h; path = "View+MASAdditions.h"; sourceTree = "<group>"; };
		04762DCA225088C9009DB6EB /* NSArray+MASAdditions.h */ = {isa = PBXFileReference; fileEncoding = 4; lastKnownFileType = sourcecode.c.h; path = "NSArray+MASAdditions.h"; sourceTree = "<group>"; };
		04762DCB225088C9009DB6EB /* MASUtilities.h */ = {isa = PBXFileReference; fileEncoding = 4; lastKnownFileType = sourcecode.c.h; path = MASUtilities.h; sourceTree = "<group>"; };
		04762DCC225088C9009DB6EB /* MASViewAttribute.h */ = {isa = PBXFileReference; fileEncoding = 4; lastKnownFileType = sourcecode.c.h; path = MASViewAttribute.h; sourceTree = "<group>"; };
		04762DCD225088C9009DB6EB /* ViewController+MASAdditions.m */ = {isa = PBXFileReference; fileEncoding = 4; lastKnownFileType = sourcecode.c.objc; path = "ViewController+MASAdditions.m"; sourceTree = "<group>"; };
		04762DCE225088C9009DB6EB /* MASViewConstraint.h */ = {isa = PBXFileReference; fileEncoding = 4; lastKnownFileType = sourcecode.c.h; path = MASViewConstraint.h; sourceTree = "<group>"; };
		04762DCF225088C9009DB6EB /* MASConstraint.h */ = {isa = PBXFileReference; fileEncoding = 4; lastKnownFileType = sourcecode.c.h; path = MASConstraint.h; sourceTree = "<group>"; };
		04762DD0225088C9009DB6EB /* NSLayoutConstraint+MASDebugAdditions.h */ = {isa = PBXFileReference; fileEncoding = 4; lastKnownFileType = sourcecode.c.h; path = "NSLayoutConstraint+MASDebugAdditions.h"; sourceTree = "<group>"; };
		04762DD1225088C9009DB6EB /* MASCompositeConstraint.m */ = {isa = PBXFileReference; fileEncoding = 4; lastKnownFileType = sourcecode.c.objc; path = MASCompositeConstraint.m; sourceTree = "<group>"; };
		04762DD2225088C9009DB6EB /* MASConstraintMaker.m */ = {isa = PBXFileReference; fileEncoding = 4; lastKnownFileType = sourcecode.c.objc; path = MASConstraintMaker.m; sourceTree = "<group>"; };
		04762DD3225088C9009DB6EB /* MASLayoutConstraint.m */ = {isa = PBXFileReference; fileEncoding = 4; lastKnownFileType = sourcecode.c.objc; path = MASLayoutConstraint.m; sourceTree = "<group>"; };
		04762DD4225088C9009DB6EB /* NSArray+MASAdditions.m */ = {isa = PBXFileReference; fileEncoding = 4; lastKnownFileType = sourcecode.c.objc; path = "NSArray+MASAdditions.m"; sourceTree = "<group>"; };
		04762DD5225088C9009DB6EB /* View+MASAdditions.m */ = {isa = PBXFileReference; fileEncoding = 4; lastKnownFileType = sourcecode.c.objc; path = "View+MASAdditions.m"; sourceTree = "<group>"; };
		04762DD6225088C9009DB6EB /* View+MASShorthandAdditions.h */ = {isa = PBXFileReference; fileEncoding = 4; lastKnownFileType = sourcecode.c.h; path = "View+MASShorthandAdditions.h"; sourceTree = "<group>"; };
		04762DD7225088C9009DB6EB /* Masonry.h */ = {isa = PBXFileReference; fileEncoding = 4; lastKnownFileType = sourcecode.c.h; path = Masonry.h; sourceTree = "<group>"; };
		04762DD8225088C9009DB6EB /* MASConstraint.m */ = {isa = PBXFileReference; fileEncoding = 4; lastKnownFileType = sourcecode.c.objc; path = MASConstraint.m; sourceTree = "<group>"; };
		04762DD9225088C9009DB6EB /* ViewController+MASAdditions.h */ = {isa = PBXFileReference; fileEncoding = 4; lastKnownFileType = sourcecode.c.h; path = "ViewController+MASAdditions.h"; sourceTree = "<group>"; };
		04762DDA225088C9009DB6EB /* MASViewConstraint.m */ = {isa = PBXFileReference; fileEncoding = 4; lastKnownFileType = sourcecode.c.objc; path = MASViewConstraint.m; sourceTree = "<group>"; };
		04762DDB225088C9009DB6EB /* MASViewAttribute.m */ = {isa = PBXFileReference; fileEncoding = 4; lastKnownFileType = sourcecode.c.objc; path = MASViewAttribute.m; sourceTree = "<group>"; };
		04762DDC225088C9009DB6EB /* Info.plist */ = {isa = PBXFileReference; fileEncoding = 4; lastKnownFileType = text.plist.xml; path = Info.plist; sourceTree = "<group>"; };
		04762DE9225089B3009DB6EB /* RelationCaculate-Prefix.pch */ = {isa = PBXFileReference; lastKnownFileType = sourcecode.c.h; path = "RelationCaculate-Prefix.pch"; sourceTree = "<group>"; };
		04762DEA22509413009DB6EB /* RootViewController.h */ = {isa = PBXFileReference; lastKnownFileType = sourcecode.c.h; path = RootViewController.h; sourceTree = "<group>"; };
		04762DEB22509413009DB6EB /* RootViewController.m */ = {isa = PBXFileReference; lastKnownFileType = sourcecode.c.objc; path = RootViewController.m; sourceTree = "<group>"; };
		04762DEC22509413009DB6EB /* RootViewController.xib */ = {isa = PBXFileReference; lastKnownFileType = file.xib; path = RootViewController.xib; sourceTree = "<group>"; };
/* End PBXFileReference section */

/* Begin PBXFrameworksBuildPhase section */
		04762DA4225087F1009DB6EB /* Frameworks */ = {
			isa = PBXFrameworksBuildPhase;
			buildActionMask = 2147483647;
			files = (
			);
			runOnlyForDeploymentPostprocessing = 0;
		};
/* End PBXFrameworksBuildPhase section */

/* Begin PBXGroup section */
		04762D9E225087F1009DB6EB = {
			isa = PBXGroup;
			children = (
				04762DA9225087F1009DB6EB /* RelationCaculate */,
				04762DA8225087F1009DB6EB /* Products */,
			);
			sourceTree = "<group>";
		};
		04762DA8225087F1009DB6EB /* Products */ = {
			isa = PBXGroup;
			children = (
				04762DA7225087F1009DB6EB /* RelationCaculate.app */,
			);
			name = Products;
			sourceTree = "<group>";
		};
		04762DA9225087F1009DB6EB /* RelationCaculate */ = {
			isa = PBXGroup;
			children = (
				04762DC1225088AF009DB6EB /* Unity */,
				04762DC0225088A6009DB6EB /* lib */,
				04762DAA225087F1009DB6EB /* AppDelegate.h */,
				04762DAB225087F1009DB6EB /* AppDelegate.m */,
				04762DEA22509413009DB6EB /* RootViewController.h */,
				04762DEB22509413009DB6EB /* RootViewController.m */,
				04762DEC22509413009DB6EB /* RootViewController.xib */,
				04762DB3225087F2009DB6EB /* Assets.xcassets */,
				04762DB5225087F2009DB6EB /* LaunchScreen.storyboard */,
				04762DB8225087F2009DB6EB /* Info.plist */,
				04762DB9225087F2009DB6EB /* main.m */,
				04762DE9225089B3009DB6EB /* RelationCaculate-Prefix.pch */,
			);
			path = RelationCaculate;
			sourceTree = "<group>";
		};
		04762DC0225088A6009DB6EB /* lib */ = {
			isa = PBXGroup;
			children = (
				04762DC2225088C9009DB6EB /* Masonry */,
			);
			path = lib;
			sourceTree = "<group>";
		};
		04762DC1225088AF009DB6EB /* Unity */ = {
			isa = PBXGroup;
			children = (
			);
			path = Unity;
			sourceTree = "<group>";
		};
		04762DC2225088C9009DB6EB /* Masonry */ = {
			isa = PBXGroup;
			children = (
				04762DC3225088C9009DB6EB /* MASCompositeConstraint.h */,
				04762DC4225088C9009DB6EB /* NSLayoutConstraint+MASDebugAdditions.m */,
				04762DC5225088C9009DB6EB /* MASConstraint+Private.h */,
				04762DC6225088C9009DB6EB /* MASLayoutConstraint.h */,
				04762DC7225088C9009DB6EB /* NSArray+MASShorthandAdditions.h */,
				04762DC8225088C9009DB6EB /* MASConstraintMaker.h */,
				04762DC9225088C9009DB6EB /* View+MASAdditions.h */,
				04762DCA225088C9009DB6EB /* NSArray+MASAdditions.h */,
				04762DCB225088C9009DB6EB /* MASUtilities.h */,
				04762DCC225088C9009DB6EB /* MASViewAttribute.h */,
				04762DCD225088C9009DB6EB /* ViewController+MASAdditions.m */,
				04762DCE225088C9009DB6EB /* MASViewConstraint.h */,
				04762DCF225088C9009DB6EB /* MASConstraint.h */,
				04762DD0225088C9009DB6EB /* NSLayoutConstraint+MASDebugAdditions.h */,
				04762DD1225088C9009DB6EB /* MASCompositeConstraint.m */,
				04762DD2225088C9009DB6EB /* MASConstraintMaker.m */,
				04762DD3225088C9009DB6EB /* MASLayoutConstraint.m */,
				04762DD4225088C9009DB6EB /* NSArray+MASAdditions.m */,
				04762DD5225088C9009DB6EB /* View+MASAdditions.m */,
				04762DD6225088C9009DB6EB /* View+MASShorthandAdditions.h */,
				04762DD7225088C9009DB6EB /* Masonry.h */,
				04762DD8225088C9009DB6EB /* MASConstraint.m */,
				04762DD9225088C9009DB6EB /* ViewController+MASAdditions.h */,
				04762DDA225088C9009DB6EB /* MASViewConstraint.m */,
				04762DDB225088C9009DB6EB /* MASViewAttribute.m */,
				04762DDC225088C9009DB6EB /* Info.plist */,
			);
			path = Masonry;
			sourceTree = "<group>";
		};
/* End PBXGroup section */

/* Begin PBXNativeTarget section */
		04762DA6225087F1009DB6EB /* RelationCaculate */ = {
			isa = PBXNativeTarget;
			buildConfigurationList = 04762DBD225087F2009DB6EB /* Build configuration list for PBXNativeTarget "RelationCaculate" */;
			buildPhases = (
				04762DA3225087F1009DB6EB /* Sources */,
				04762DA4225087F1009DB6EB /* Frameworks */,
				04762DA5225087F1009DB6EB /* Resources */,
			);
			buildRules = (
			);
			dependencies = (
			);
			name = RelationCaculate;
			productName = RelationCaculate;
			productReference = 04762DA7225087F1009DB6EB /* RelationCaculate.app */;
			productType = "com.apple.product-type.application";
		};
/* End PBXNativeTarget section */

/* Begin PBXProject section */
		04762D9F225087F1009DB6EB /* Project object */ = {
			isa = PBXProject;
			attributes = {
				LastUpgradeCheck = 1010;
				ORGANIZATIONNAME = mac;
				TargetAttributes = {
					04762DA6225087F1009DB6EB = {
						CreatedOnToolsVersion = 10.1;
					};
				};
			};
			buildConfigurationList = 04762DA2225087F1009DB6EB /* Build configuration list for PBXProject "RelationCaculate" */;
			compatibilityVersion = "Xcode 9.3";
			developmentRegion = en;
			hasScannedForEncodings = 0;
			knownRegions = (
				en,
				Base,
			);
			mainGroup = 04762D9E225087F1009DB6EB;
			productRefGroup = 04762DA8225087F1009DB6EB /* Products */;
			projectDirPath = "";
			projectRoot = "";
			targets = (
				04762DA6225087F1009DB6EB /* RelationCaculate */,
			);
		};
/* End PBXProject section */

/* Begin PBXResourcesBuildPhase section */
		04762DA5225087F1009DB6EB /* Resources */ = {
			isa = PBXResourcesBuildPhase;
			buildActionMask = 2147483647;
			files = (
				04762DB7225087F2009DB6EB /* LaunchScreen.storyboard in Resources */,
				04762DB4225087F2009DB6EB /* Assets.xcassets in Resources */,
				04762DEE22509413009DB6EB /* RootViewController.xib in Resources */,
			);
			runOnlyForDeploymentPostprocessing = 0;
		};
/* End PBXResourcesBuildPhase section */

/* Begin PBXSourcesBuildPhase section */
		04762DA3225087F1009DB6EB /* Sources */ = {
			isa = PBXSourcesBuildPhase;
			buildActionMask = 2147483647;
			files = (
				04762DE0225088C9009DB6EB /* MASConstraintMaker.m in Sources */,
				04762DDE225088C9009DB6EB /* ViewController+MASAdditions.m in Sources */,
				04762DE5225088C9009DB6EB /* MASViewConstraint.m in Sources */,
				04762DBA225087F2009DB6EB /* main.m in Sources */,
				04762DE1225088C9009DB6EB /* MASLayoutConstraint.m in Sources */,
				04762DE4225088C9009DB6EB /* MASConstraint.m in Sources */,
				04762DE2225088C9009DB6EB /* NSArray+MASAdditions.m in Sources */,
				04762DAC225087F1009DB6EB /* AppDelegate.m in Sources */,
				04762DDF225088C9009DB6EB /* MASCompositeConstraint.m in Sources */,
				04762DE3225088C9009DB6EB /* View+MASAdditions.m in Sources */,
				04762DED22509413009DB6EB /* RootViewController.m in Sources */,
				04762DDD225088C9009DB6EB /* NSLayoutConstraint+MASDebugAdditions.m in Sources */,
				04762DE6225088C9009DB6EB /* MASViewAttribute.m in Sources */,
			);
			runOnlyForDeploymentPostprocessing = 0;
		};
/* End PBXSourcesBuildPhase section */

/* Begin PBXVariantGroup section */
		04762DB5225087F2009DB6EB /* LaunchScreen.storyboard */ = {
			isa = PBXVariantGroup;
			children = (
				04762DB6225087F2009DB6EB /* Base */,
			);
			name = LaunchScreen.storyboard;
			sourceTree = "<group>";
		};
/* End PBXVariantGroup section */

/* Begin XCBuildConfiguration section */
		04762DBB225087F2009DB6EB /* Debug */ = {
			isa = XCBuildConfiguration;
			buildSettings = {
				ALWAYS_SEARCH_USER_PATHS = NO;
				CLANG_ANALYZER_NONNULL = YES;
				CLANG_ANALYZER_NUMBER_OBJECT_CONVERSION = YES_AGGRESSIVE;
				CLANG_CXX_LANGUAGE_STANDARD = "gnu++14";
				CLANG_CXX_LIBRARY = "libc++";
				CLANG_ENABLE_MODULES = YES;
				CLANG_ENABLE_OBJC_ARC = YES;
				CLANG_ENABLE_OBJC_WEAK = YES;
				CLANG_WARN_BLOCK_CAPTURE_AUTORELEASING = YES;
				CLANG_WARN_BOOL_CONVERSION = YES;
				CLANG_WARN_COMMA = YES;
				CLANG_WARN_CONSTANT_CONVERSION = YES;
				CLANG_WARN_DEPRECATED_OBJC_IMPLEMENTATIONS = YES;
				CLANG_WARN_DIRECT_OBJC_ISA_USAGE = YES_ERROR;
				CLANG_WARN_DOCUMENTATION_COMMENTS = YES;
				CLANG_WARN_EMPTY_BODY = YES;
				CLANG_WARN_ENUM_CONVERSION = YES;
				CLANG_WARN_INFINITE_RECURSION = YES;
				CLANG_WARN_INT_CONVERSION = YES;
				CLANG_WARN_NON_LITERAL_NULL_CONVERSION = YES;
				CLANG_WARN_OBJC_IMPLICIT_RETAIN_SELF = YES;
				CLANG_WARN_OBJC_LITERAL_CONVERSION = YES;
				CLANG_WARN_OBJC_ROOT_CLASS = YES_ERROR;
				CLANG_WARN_RANGE_LOOP_ANALYSIS = YES;
				CLANG_WARN_STRICT_PROTOTYPES = YES;
				CLANG_WARN_SUSPICIOUS_MOVE = YES;
				CLANG_WARN_UNGUARDED_AVAILABILITY = YES_AGGRESSIVE;
				CLANG_WARN_UNREACHABLE_CODE = YES;
				CLANG_WARN__DUPLICATE_METHOD_MATCH = YES;
				CODE_SIGN_IDENTITY = "iPhone Developer";
				COPY_PHASE_STRIP = NO;
				DEBUG_INFORMATION_FORMAT = dwarf;
				ENABLE_STRICT_OBJC_MSGSEND = YES;
				ENABLE_TESTABILITY = YES;
				GCC_C_LANGUAGE_STANDARD = gnu11;
				GCC_DYNAMIC_NO_PIC = NO;
				GCC_NO_COMMON_BLOCKS = YES;
				GCC_OPTIMIZATION_LEVEL = 0;
				GCC_PREPROCESSOR_DEFINITIONS = (
					"DEBUG=1",
					"$(inherited)",
				);
				GCC_WARN_64_TO_32_BIT_CONVERSION = YES;
				GCC_WARN_ABOUT_RETURN_TYPE = YES_ERROR;
				GCC_WARN_UNDECLARED_SELECTOR = YES;
				GCC_WARN_UNINITIALIZED_AUTOS = YES_AGGRESSIVE;
				GCC_WARN_UNUSED_FUNCTION = YES;
				GCC_WARN_UNUSED_VARIABLE = YES;
				IPHONEOS_DEPLOYMENT_TARGET = 12.1;
				MTL_ENABLE_DEBUG_INFO = INCLUDE_SOURCE;
				MTL_FAST_MATH = YES;
				ONLY_ACTIVE_ARCH = YES;
				SDKROOT = iphoneos;
			};
			name = Debug;
		};
		04762DBC225087F2009DB6EB /* Release */ = {
			isa = XCBuildConfiguration;
			buildSettings = {
				ALWAYS_SEARCH_USER_PATHS = NO;
				CLANG_ANALYZER_NONNULL = YES;
				CLANG_ANALYZER_NUMBER_OBJECT_CONVERSION = YES_AGGRESSIVE;
				CLANG_CXX_LANGUAGE_STANDARD = "gnu++14";
				CLANG_CXX_LIBRARY = "libc++";
				CLANG_ENABLE_MODULES = YES;
				CLANG_ENABLE_OBJC_ARC = YES;
				CLANG_ENABLE_OBJC_WEAK = YES;
				CLANG_WARN_BLOCK_CAPTURE_AUTORELEASING = YES;
				CLANG_WARN_BOOL_CONVERSION = YES;
				CLANG_WARN_COMMA = YES;
				CLANG_WARN_CONSTANT_CONVERSION = YES;
				CLANG_WARN_DEPRECATED_OBJC_IMPLEMENTATIONS = YES;
				CLANG_WARN_DIRECT_OBJC_ISA_USAGE = YES_ERROR;
				CLANG_WARN_DOCUMENTATION_COMMENTS = YES;
				CLANG_WARN_EMPTY_BODY = YES;
				CLANG_WARN_ENUM_CONVERSION = YES;
				CLANG_WARN_INFINITE_RECURSION = YES;
				CLANG_WARN_INT_CONVERSION = YES;
				CLANG_WARN_NON_LITERAL_NULL_CONVERSION = YES;
				CLANG_WARN_OBJC_IMPLICIT_RETAIN_SELF = YES;
				CLANG_WARN_OBJC_LITERAL_CONVERSION = YES;
				CLANG_WARN_OBJC_ROOT_CLASS = YES_ERROR;
				CLANG_WARN_RANGE_LOOP_ANALYSIS = YES;
				CLANG_WARN_STRICT_PROTOTYPES = YES;
				CLANG_WARN_SUSPICIOUS_MOVE = YES;
				CLANG_WARN_UNGUARDED_AVAILABILITY = YES_AGGRESSIVE;
				CLANG_WARN_UNREACHABLE_CODE = YES;
				CLANG_WARN__DUPLICATE_METHOD_MATCH = YES;
				CODE_SIGN_IDENTITY = "iPhone Developer";
				COPY_PHASE_STRIP = NO;
				DEBUG_INFORMATION_FORMAT = "dwarf-with-dsym";
				ENABLE_NS_ASSERTIONS = NO;
				ENABLE_STRICT_OBJC_MSGSEND = YES;
				GCC_C_LANGUAGE_STANDARD = gnu11;
				GCC_NO_COMMON_BLOCKS = YES;
				GCC_WARN_64_TO_32_BIT_CONVERSION = YES;
				GCC_WARN_ABOUT_RETURN_TYPE = YES_ERROR;
				GCC_WARN_UNDECLARED_SELECTOR = YES;
				GCC_WARN_UNINITIALIZED_AUTOS = YES_AGGRESSIVE;
				GCC_WARN_UNUSED_FUNCTION = YES;
				GCC_WARN_UNUSED_VARIABLE = YES;
				IPHONEOS_DEPLOYMENT_TARGET = 12.1;
				MTL_ENABLE_DEBUG_INFO = NO;
				MTL_FAST_MATH = YES;
				SDKROOT = iphoneos;
				VALIDATE_PRODUCT = YES;
			};
			name = Release;
		};
		04762DBE225087F2009DB6EB /* Debug */ = {
			isa = XCBuildConfiguration;
			buildSettings = {
				ASSETCATALOG_COMPILER_APPICON_NAME = AppIcon;
				CODE_SIGN_STYLE = Manual;
				DEVELOPMENT_TEAM = JDPHHUH8RJ;
				GCC_PREFIX_HEADER = "$(SRCROOT)/RelationCaculate/RelationCaculate-Prefix.pch";
				INFOPLIST_FILE = RelationCaculate/Info.plist;
				IPHONEOS_DEPLOYMENT_TARGET = 12.0;
				LD_RUNPATH_SEARCH_PATHS = (
					"$(inherited)",
					"@executable_path/Frameworks",
				);
				PRODUCT_BUNDLE_IDENTIFIER = com.lebaobei.relation;
				PRODUCT_NAME = "$(TARGET_NAME)";
				PROVISIONING_PROFILE_SPECIFIER = DeveloperTestAllProfile190121;
				TARGETED_DEVICE_FAMILY = 1;
			};
			name = Debug;
		};
		04762DBF225087F2009DB6EB /* Release */ = {
			isa = XCBuildConfiguration;
			buildSettings = {
				ASSETCATALOG_COMPILER_APPICON_NAME = AppIcon;
				CODE_SIGN_STYLE = Manual;
				DEVELOPMENT_TEAM = JDPHHUH8RJ;
				GCC_PREFIX_HEADER = "$(SRCROOT)/RelationCaculate/RelationCaculate-Prefix.pch";
				INFOPLIST_FILE = RelationCaculate/Info.plist;
				IPHONEOS_DEPLOYMENT_TARGET = 12.0;
				LD_RUNPATH_SEARCH_PATHS = (
					"$(inherited)",
					"@executable_path/Frameworks",
				);
				PRODUCT_BUNDLE_IDENTIFIER = com.lebaobei.relation;
				PRODUCT_NAME = "$(TARGET_NAME)";
				PROVISIONING_PROFILE_SPECIFIER = DeveloperTestAllProfile190121;
				TARGETED_DEVICE_FAMILY = 1;
			};
			name = Release;
		};
/* End XCBuildConfiguration section */

/* Begin XCConfigurationList section */
		04762DA2225087F1009DB6EB /* Build configuration list for PBXProject "RelationCaculate" */ = {
			isa = XCConfigurationList;
			buildConfigurations = (
				04762DBB225087F2009DB6EB /* Debug */,
				04762DBC225087F2009DB6EB /* Release */,
			);
			defaultConfigurationIsVisible = 0;
			defaultConfigurationName = Release;
		};
		04762DBD225087F2009DB6EB /* Build configuration list for PBXNativeTarget "RelationCaculate" */ = {
			isa = XCConfigurationList;
			buildConfigurations = (
				04762DBE225087F2009DB6EB /* Debug */,
				04762DBF225087F2009DB6EB /* Release */,
			);
			defaultConfigurationIsVisible = 0;
			defaultConfigurationName = Release;
		};
/* End XCConfigurationList section */
	};
	rootObject = 04762D9F225087F1009DB6EB /* Project object */;
}
